{
  "name": "example",
  "version": "1.0.0",
  "lockfileVersion": 2,
  "requires": true,
  "packages": {
    "": {
      "name": "example",
      "version": "1.0.0",
      "license": "ISC",
      "dependencies": {
        "node-jotter": "^1.0.1"
      },
      "devDependencies": {
        "typescript": "^4.4.4"
      }
    },
    "node_modules/node-jotter": {
      "version": "1.0.1",
      "resolved": "https://registry.npmjs.org/node-jotter/-/node-jotter-1.0.1.tgz",
      "integrity": "sha512-B9SYfTn02BQ/Dqhd2xx/Ib5XdPFgxZ5NTFkZpdxiusqeZW61E59MSgv2213P0Osuc/eo2rS/9wH8yDfthi5Kuw=="
    },
    "node_modules/typescript": {
      "version": "4.4.4",
      "resolved": "https://registry.npmjs.org/typescript/-/typescript-4.4.4.tgz",
      "integrity": "sha512-DqGhF5IKoBl8WNf8C1gu8q0xZSInh9j1kJJMqT3a94w1JzVaBU4EXOSMrz9yDqMT0xt3selp83fuFMQ0uzv6qA==",
      "dev": true,
      "bin": {
        "tsc": "bin/tsc",
        "tsserver": "bin/tsserver"
      },
      "engines": {
        "node": ">=4.2.0"
      }
    }
  },
  "dependencies": {
    "node-jotter": {
      "version": "1.0.1",
      "resolved": "https://registry.npmjs.org/node-jotter/-/node-jotter-1.0.1.tgz",
      "integrity": "sha512-B9SYfTn02BQ/Dqhd2xx/Ib5XdPFgxZ5NTFkZpdxiusqeZW61E59MSgv2213P0Osuc/eo2rS/9wH8yDfthi5Kuw=="
    },
    "typescript": {
      "version": "4.4.4",
      "resolved": "https://registry.npmjs.org/typescript/-/typescript-4.4.4.tgz",
      "integrity": "sha512-DqGhF5IKoBl8WNf8C1gu8q0xZSInh9j1kJJMqT3a94w1JzVaBU4EXOSMrz9yDqMT0xt3selp83fuFMQ0uzv6qA==",
      "dev": true
    }
  }
}
